
Microsoft Visual Studio Solution File, Format Version 12.00
# Visual Studio Version 17
VisualStudioVersion = 17.3.32922.545
MinimumVisualStudioVersion = 10.0.40219.1
Project("{FAE04EC0-301F-11D3-BF4B-00C04F79EFBC}") = "Advend_of_code_1", "Advend_of_code_1.1\Advend_of_code_1.csproj", "{BC8FE889-5E4C-4A14-888B-BB1D850AD900}"
EndProject
Global
	GlobalSection(SolutionConfigurationPlatforms) = preSolution
		Debug|Any CPU = Debug|Any CPU
		Release|Any CPU = Release|Any CPU
	EndGlobalSection
	GlobalSection(ProjectConfigurationPlatforms) = postSolution
		{BC8FE889-5E4C-4A14-888B-BB1D850AD900}.Debug|Any CPU.ActiveCfg = Debug|Any CPU
		{BC8FE889-5E4C-4A14-888B-BB1D850AD900}.Debug|Any CPU.Build.0 = Debug|Any CPU
		{BC8FE889-5E4C-4A14-888B-BB1D850AD900}.Release|Any CPU.ActiveCfg = Release|Any CPU
		{BC8FE889-5E4C-4A14-888B-BB1D850AD900}.Release|Any CPU.Build.0 = Release|Any CPU
	EndGlobalSection
	GlobalSection(SolutionProperties) = preSolution
		HideSolutionNode = FALSE
	EndGlobalSection
	GlobalSection(ExtensibilityGlobals) = postSolution
		SolutionGuid = {8332F14B-52E2-466C-99DE-A7FA93CA0921}
	EndGlobalSection
EndGlobal
